
Microsoft Visual Studio Solution File, Format Version 12.00
# Visual Studio 14
VisualStudioVersion = 14.0.25420.1
MinimumVisualStudioVersion = 10.0.40219.1
Project("{FAE04EC0-301F-11D3-BF4B-00C04F79EFBC}") = "DigitalCultivationMart", "DigitalCultivationMart\DigitalCultivationMart.csproj", "{43C36403-1BA9-4624-9791-236A542205E3}"
EndProject
Project("{FAE04EC0-301F-11D3-BF4B-00C04F79EFBC}") = "DigitalCultivationMart.DAL", "DigitalCultivationMart.DAL\DigitalCultivationMart.DAL.csproj", "{E8241E74-102D-459D-92F6-81D8C31F033B}"
EndProject
Project("{FAE04EC0-301F-11D3-BF4B-00C04F79EFBC}") = "DigitalCultivationMart.BizLayer", "DigitalCultivationMart.BizLayer\DigitalCultivationMart.BizLayer.csproj", "{52F4C738-3C50-4185-98AA-11D4C7D0C6D9}"
EndProject
Project("{FAE04EC0-301F-11D3-BF4B-00C04F79EFBC}") = "DigitalCultivationMart.API", "DigitalCultivationMart.API\DigitalCultivationMart.API.csproj", "{1830A6E6-CD2A-42CA-ABA0-0894547668BF}"
EndProject
Global
	GlobalSection(SolutionConfigurationPlatforms) = preSolution
		Debug|Any CPU = Debug|Any CPU
		Release|Any CPU = Release|Any CPU
	EndGlobalSection
	GlobalSection(ProjectConfigurationPlatforms) = postSolution
		{43C36403-1BA9-4624-9791-236A542205E3}.Debug|Any CPU.ActiveCfg = Debug|Any CPU
		{43C36403-1BA9-4624-9791-236A542205E3}.Debug|Any CPU.Build.0 = Debug|Any CPU
		{43C36403-1BA9-4624-9791-236A542205E3}.Release|Any CPU.ActiveCfg = Release|Any CPU
		{43C36403-1BA9-4624-9791-236A542205E3}.Release|Any CPU.Build.0 = Release|Any CPU
		{E8241E74-102D-459D-92F6-81D8C31F033B}.Debug|Any CPU.ActiveCfg = Debug|Any CPU
		{E8241E74-102D-459D-92F6-81D8C31F033B}.Debug|Any CPU.Build.0 = Debug|Any CPU
		{E8241E74-102D-459D-92F6-81D8C31F033B}.Release|Any CPU.ActiveCfg = Release|Any CPU
		{E8241E74-102D-459D-92F6-81D8C31F033B}.Release|Any CPU.Build.0 = Release|Any CPU
		{52F4C738-3C50-4185-98AA-11D4C7D0C6D9}.Debug|Any CPU.ActiveCfg = Debug|Any CPU
		{52F4C738-3C50-4185-98AA-11D4C7D0C6D9}.Debug|Any CPU.Build.0 = Debug|Any CPU
		{52F4C738-3C50-4185-98AA-11D4C7D0C6D9}.Release|Any CPU.ActiveCfg = Release|Any CPU
		{52F4C738-3C50-4185-98AA-11D4C7D0C6D9}.Release|Any CPU.Build.0 = Release|Any CPU
		{1830A6E6-CD2A-42CA-ABA0-0894547668BF}.Debug|Any CPU.ActiveCfg = Debug|Any CPU
		{1830A6E6-CD2A-42CA-ABA0-0894547668BF}.Debug|Any CPU.Build.0 = Debug|Any CPU
		{1830A6E6-CD2A-42CA-ABA0-0894547668BF}.Release|Any CPU.ActiveCfg = Release|Any CPU
		{1830A6E6-CD2A-42CA-ABA0-0894547668BF}.Release|Any CPU.Build.0 = Release|Any CPU
	EndGlobalSection
	GlobalSection(SolutionProperties) = preSolution
		HideSolutionNode = FALSE
	EndGlobalSection
EndGlobal
